
Microsoft Visual Studio Solution File, Format Version 12.00
# Visual Studio Version 17
VisualStudioVersion = 17.8.34330.188
MinimumVisualStudioVersion = 10.0.40219.1
Project("{FAE04EC0-301F-11D3-BF4B-00C04F79EFBC}") = "BienesRaicesBackend", "BienesRaicesBackend\BienesRaicesBackend.csproj", "{02701289-F333-42BA-8965-011F639C0E25}"
EndProject
Global
	GlobalSection(SolutionConfigurationPlatforms) = preSolution
		Debug|Any CPU = Debug|Any CPU
		Release|Any CPU = Release|Any CPU
	EndGlobalSection
	GlobalSection(ProjectConfigurationPlatforms) = postSolution
		{02701289-F333-42BA-8965-011F639C0E25}.Debug|Any CPU.ActiveCfg = Debug|Any CPU
		{02701289-F333-42BA-8965-011F639C0E25}.Debug|Any CPU.Build.0 = Debug|Any CPU
		{02701289-F333-42BA-8965-011F639C0E25}.Release|Any CPU.ActiveCfg = Release|Any CPU
		{02701289-F333-42BA-8965-011F639C0E25}.Release|Any CPU.Build.0 = Release|Any CPU
	EndGlobalSection
	GlobalSection(SolutionProperties) = preSolution
		HideSolutionNode = FALSE
	EndGlobalSection
	GlobalSection(ExtensibilityGlobals) = postSolution
		SolutionGuid = {3F4FDEAC-A1CB-4020-B11A-7FF85DC25691}
	EndGlobalSection
EndGlobal
